
Microsoft Visual Studio Solution File, Format Version 12.00
# Visual Studio 14
VisualStudioVersion = 14.0.25420.1
MinimumVisualStudioVersion = 10.0.40219.1
Project("{FAE04EC0-301F-11D3-BF4B-00C04F79EFBC}") = "NetFrameSiteOnDrive", "NetFrameSiteOnDrive.csproj", "{9C61327E-3E6E-49FB-A123-825539045663}"
EndProject
Project("{FAE04EC0-301F-11D3-BF4B-00C04F79EFBC}") = "NetFrameSiteOnDrive.Tests", "..\NetFrameSiteOnDrive.Tests\NetFrameSiteOnDrive.Tests.csproj", "{A77C99CB-24A5-45EE-BE84-0394D83D65C4}"
EndProject
Global
	GlobalSection(SolutionConfigurationPlatforms) = preSolution
		Debug|Any CPU = Debug|Any CPU
		Release|Any CPU = Release|Any CPU
	EndGlobalSection
	GlobalSection(ProjectConfigurationPlatforms) = postSolution
		{9C61327E-3E6E-49FB-A123-825539045663}.Debug|Any CPU.ActiveCfg = Debug|Any CPU
		{9C61327E-3E6E-49FB-A123-825539045663}.Debug|Any CPU.Build.0 = Debug|Any CPU
		{9C61327E-3E6E-49FB-A123-825539045663}.Release|Any CPU.ActiveCfg = Release|Any CPU
		{9C61327E-3E6E-49FB-A123-825539045663}.Release|Any CPU.Build.0 = Release|Any CPU
		{A77C99CB-24A5-45EE-BE84-0394D83D65C4}.Debug|Any CPU.ActiveCfg = Debug|Any CPU
		{A77C99CB-24A5-45EE-BE84-0394D83D65C4}.Debug|Any CPU.Build.0 = Debug|Any CPU
		{A77C99CB-24A5-45EE-BE84-0394D83D65C4}.Release|Any CPU.ActiveCfg = Release|Any CPU
		{A77C99CB-24A5-45EE-BE84-0394D83D65C4}.Release|Any CPU.Build.0 = Release|Any CPU
	EndGlobalSection
	GlobalSection(SolutionProperties) = preSolution
		HideSolutionNode = FALSE
	EndGlobalSection
EndGlobal
